// !$*UTF8*$!
{
	archiveVersion = 1;
	classes = {
	};
	objectVersion = 48;
	objects = {

/* Begin PBXBuildFile section */
		224CEA7720AD680800E8846B /* main.swift in Sources */ = {isa = PBXBuildFile; fileRef = 224CEA7620AD680800E8846B /* main.swift */; };
		224CEA9720AD9C9800E8846B /* NewsCategory.swift in Sources */ = {isa = PBXBuildFile; fileRef = 224CEA8320AD9C9800E8846B /* NewsCategory.swift */; };
		224CEA9820AD9C9800E8846B /* Enquiry.swift in Sources */ = {isa = PBXBuildFile; fileRef = 224CEA8420AD9C9800E8846B /* Enquiry.swift */; };
		224CEA9920AD9C9800E8846B /* Advertisement.swift in Sources */ = {isa = PBXBuildFile; fileRef = 224CEA8520AD9C9800E8846B /* Advertisement.swift */; };
		224CEA9A20AD9C9800E8846B /* Review.swift in Sources */ = {isa = PBXBuildFile; fileRef = 224CEA8620AD9C9800E8846B /* Review.swift */; };
		224CEA9B20AD9C9800E8846B /* BusinessProfile.swift in Sources */ = {isa = PBXBuildFile; fileRef = 224CEA8720AD9C9800E8846B /* BusinessProfile.swift */; };
		224CEA9C20AD9C9800E8846B /* Timeline.swift in Sources */ = {isa = PBXBuildFile; fileRef = 224CEA8820AD9C9800E8846B /* Timeline.swift */; };
		224CEA9D20AD9C9800E8846B /* BusinessCategory.swift in Sources */ = {isa = PBXBuildFile; fileRef = 224CEA8920AD9C9800E8846B /* BusinessCategory.swift */; };
		224CEA9E20AD9C9800E8846B /* Folder.swift in Sources */ = {isa = PBXBuildFile; fileRef = 224CEA8A20AD9C9800E8846B /* Folder.swift */; };
		224CEA9F20AD9C9800E8846B /* User.swift in Sources */ = {isa = PBXBuildFile; fileRef = 224CEA8B20AD9C9800E8846B /* User.swift */; };
		224CEAA020AD9C9800E8846B /* NotificationFeed.swift in Sources */ = {isa = PBXBuildFile; fileRef = 224CEA8C20AD9C9800E8846B /* NotificationFeed.swift */; };
		224CEAA120AD9C9800E8846B /* Question.swift in Sources */ = {isa = PBXBuildFile; fileRef = 224CEA8D20AD9C9800E8846B /* Question.swift */; };
		224CEAA220AD9C9800E8846B /* NewsProfile.swift in Sources */ = {isa = PBXBuildFile; fileRef = 224CEA8E20AD9C9800E8846B /* NewsProfile.swift */; };
		224CEAA320AD9C9800E8846B /* Response.swift in Sources */ = {isa = PBXBuildFile; fileRef = 224CEA8F20AD9C9800E8846B /* Response.swift */; };
		224CEAA420AD9C9800E8846B /* Bookmark.swift in Sources */ = {isa = PBXBuildFile; fileRef = 224CEA9020AD9C9800E8846B /* Bookmark.swift */; };
		224CEAA520AD9C9800E8846B /* FirebaseUserDatabase.swift in Sources */ = {isa = PBXBuildFile; fileRef = 224CEA9120AD9C9800E8846B /* FirebaseUserDatabase.swift */; };
		224CEAA620AD9C9800E8846B /* Testmonial.swift in Sources */ = {isa = PBXBuildFile; fileRef = 224CEA9220AD9C9800E8846B /* Testmonial.swift */; };
		224CEAA720AD9C9800E8846B /* Filter.swift in Sources */ = {isa = PBXBuildFile; fileRef = 224CEA9320AD9C9800E8846B /* Filter.swift */; };
		224CEAA820AD9C9800E8846B /* Product.swift in Sources */ = {isa = PBXBuildFile; fileRef = 224CEA9420AD9C9800E8846B /* Product.swift */; };
		224CEAA920AD9C9800E8846B /* Answer.swift in Sources */ = {isa = PBXBuildFile; fileRef = 224CEA9520AD9C9800E8846B /* Answer.swift */; };
		224CEAAA20AD9C9800E8846B /* AppConfig.swift in Sources */ = {isa = PBXBuildFile; fileRef = 224CEA9620AD9C9800E8846B /* AppConfig.swift */; };
		22B541B420AEB59900CCC77C /* NetworkManager.swift in Sources */ = {isa = PBXBuildFile; fileRef = 22B541B320AEB59900CCC77C /* NetworkManager.swift */; };
		22B541B620AEC05A00CCC77C /* APIError.swift in Sources */ = {isa = PBXBuildFile; fileRef = 22B541B520AEC05A00CCC77C /* APIError.swift */; };
		22B541B820AEDC0700CCC77C /* DummyUser.swift in Sources */ = {isa = PBXBuildFile; fileRef = 22B541B720AEDC0700CCC77C /* DummyUser.swift */; };
		22CCD7F420B441FA00254FD4 /* Usage.swift in Sources */ = {isa = PBXBuildFile; fileRef = 22CCD7F320B441FA00254FD4 /* Usage.swift */; };
/* End PBXBuildFile section */

/* Begin PBXCopyFilesBuildPhase section */
		224CEA7120AD680800E8846B /* CopyFiles */ = {
			isa = PBXCopyFilesBuildPhase;
			buildActionMask = 2147483647;
			dstPath = /usr/share/man/man1/;
			dstSubfolderSpec = 0;
			files = (
			);
			runOnlyForDeploymentPostprocessing = 1;
		};
/* End PBXCopyFilesBuildPhase section */

/* Begin PBXFileReference section */
		224CEA7320AD680800E8846B /* WooodStressTests */ = {isa = PBXFileReference; explicitFileType = "compiled.mach-o.executable"; includeInIndex = 0; path = WooodStressTests; sourceTree = BUILT_PRODUCTS_DIR; };
		224CEA7620AD680800E8846B /* main.swift */ = {isa = PBXFileReference; lastKnownFileType = sourcecode.swift; path = main.swift; sourceTree = "<group>"; };
		224CEA8320AD9C9800E8846B /* NewsCategory.swift */ = {isa = PBXFileReference; fileEncoding = 4; lastKnownFileType = sourcecode.swift; path = NewsCategory.swift; sourceTree = "<group>"; };
		224CEA8420AD9C9800E8846B /* Enquiry.swift */ = {isa = PBXFileReference; fileEncoding = 4; lastKnownFileType = sourcecode.swift; path = Enquiry.swift; sourceTree = "<group>"; };
		224CEA8520AD9C9800E8846B /* Advertisement.swift */ = {isa = PBXFileReference; fileEncoding = 4; lastKnownFileType = sourcecode.swift; path = Advertisement.swift; sourceTree = "<group>"; };
		224CEA8620AD9C9800E8846B /* Review.swift */ = {isa = PBXFileReference; fileEncoding = 4; lastKnownFileType = sourcecode.swift; path = Review.swift; sourceTree = "<group>"; };
		224CEA8720AD9C9800E8846B /* BusinessProfile.swift */ = {isa = PBXFileReference; fileEncoding = 4; lastKnownFileType = sourcecode.swift; path = BusinessProfile.swift; sourceTree = "<group>"; };
		224CEA8820AD9C9800E8846B /* Timeline.swift */ = {isa = PBXFileReference; fileEncoding = 4; lastKnownFileType = sourcecode.swift; path = Timeline.swift; sourceTree = "<group>"; };
		224CEA8920AD9C9800E8846B /* BusinessCategory.swift */ = {isa = PBXFileReference; fileEncoding = 4; lastKnownFileType = sourcecode.swift; path = BusinessCategory.swift; sourceTree = "<group>"; };
		224CEA8A20AD9C9800E8846B /* Folder.swift */ = {isa = PBXFileReference; fileEncoding = 4; lastKnownFileType = sourcecode.swift; path = Folder.swift; sourceTree = "<group>"; };
		224CEA8B20AD9C9800E8846B /* User.swift */ = {isa = PBXFileReference; fileEncoding = 4; lastKnownFileType = sourcecode.swift; path = User.swift; sourceTree = "<group>"; };
		224CEA8C20AD9C9800E8846B /* NotificationFeed.swift */ = {isa = PBXFileReference; fileEncoding = 4; lastKnownFileType = sourcecode.swift; path = NotificationFeed.swift; sourceTree = "<group>"; };
		224CEA8D20AD9C9800E8846B /* Question.swift */ = {isa = PBXFileReference; fileEncoding = 4; lastKnownFileType = sourcecode.swift; path = Question.swift; sourceTree = "<group>"; };
		224CEA8E20AD9C9800E8846B /* NewsProfile.swift */ = {isa = PBXFileReference; fileEncoding = 4; lastKnownFileType = sourcecode.swift; path = NewsProfile.swift; sourceTree = "<group>"; };
		224CEA8F20AD9C9800E8846B /* Response.swift */ = {isa = PBXFileReference; fileEncoding = 4; lastKnownFileType = sourcecode.swift; path = Response.swift; sourceTree = "<group>"; };
		224CEA9020AD9C9800E8846B /* Bookmark.swift */ = {isa = PBXFileReference; fileEncoding = 4; lastKnownFileType = sourcecode.swift; path = Bookmark.swift; sourceTree = "<group>"; };
		224CEA9120AD9C9800E8846B /* FirebaseUserDatabase.swift */ = {isa = PBXFileReference; fileEncoding = 4; lastKnownFileType = sourcecode.swift; path = FirebaseUserDatabase.swift; sourceTree = "<group>"; };
		224CEA9220AD9C9800E8846B /* Testmonial.swift */ = {isa = PBXFileReference; fileEncoding = 4; lastKnownFileType = sourcecode.swift; path = Testmonial.swift; sourceTree = "<group>"; };
		224CEA9320AD9C9800E8846B /* Filter.swift */ = {isa = PBXFileReference; fileEncoding = 4; lastKnownFileType = sourcecode.swift; path = Filter.swift; sourceTree = "<group>"; };
		224CEA9420AD9C9800E8846B /* Product.swift */ = {isa = PBXFileReference; fileEncoding = 4; lastKnownFileType = sourcecode.swift; path = Product.swift; sourceTree = "<group>"; };
		224CEA9520AD9C9800E8846B /* Answer.swift */ = {isa = PBXFileReference; fileEncoding = 4; lastKnownFileType = sourcecode.swift; path = Answer.swift; sourceTree = "<group>"; };
		224CEA9620AD9C9800E8846B /* AppConfig.swift */ = {isa = PBXFileReference; fileEncoding = 4; lastKnownFileType = sourcecode.swift; path = AppConfig.swift; sourceTree = "<group>"; };
		22B541B320AEB59900CCC77C /* NetworkManager.swift */ = {isa = PBXFileReference; lastKnownFileType = sourcecode.swift; path = NetworkManager.swift; sourceTree = "<group>"; };
		22B541B520AEC05A00CCC77C /* APIError.swift */ = {isa = PBXFileReference; lastKnownFileType = sourcecode.swift; path = APIError.swift; sourceTree = "<group>"; };
		22B541B720AEDC0700CCC77C /* DummyUser.swift */ = {isa = PBXFileReference; lastKnownFileType = sourcecode.swift; path = DummyUser.swift; sourceTree = "<group>"; };
		22CCD7F320B441FA00254FD4 /* Usage.swift */ = {isa = PBXFileReference; lastKnownFileType = sourcecode.swift; path = Usage.swift; sourceTree = "<group>"; };
/* End PBXFileReference section */

/* Begin PBXFrameworksBuildPhase section */
		224CEA7020AD680800E8846B /* Frameworks */ = {
			isa = PBXFrameworksBuildPhase;
			buildActionMask = 2147483647;
			files = (
			);
			runOnlyForDeploymentPostprocessing = 0;
		};
/* End PBXFrameworksBuildPhase section */

/* Begin PBXGroup section */
		224CEA6A20AD680800E8846B = {
			isa = PBXGroup;
			children = (
				224CEA7520AD680800E8846B /* WooodStressTests */,
				224CEA7420AD680800E8846B /* Products */,
			);
			sourceTree = "<group>";
		};
		224CEA7420AD680800E8846B /* Products */ = {
			isa = PBXGroup;
			children = (
				224CEA7320AD680800E8846B /* WooodStressTests */,
			);
			name = Products;
			sourceTree = "<group>";
		};
		224CEA7520AD680800E8846B /* WooodStressTests */ = {
			isa = PBXGroup;
			children = (
				224CEA7620AD680800E8846B /* main.swift */,
				22B541B320AEB59900CCC77C /* NetworkManager.swift */,
				22B541B720AEDC0700CCC77C /* DummyUser.swift */,
				22B541B520AEC05A00CCC77C /* APIError.swift */,
				22CCD7F320B441FA00254FD4 /* Usage.swift */,
				224CEA8220AD9C9800E8846B /* Models */,
			);
			path = WooodStressTests;
			sourceTree = "<group>";
		};
		224CEA8220AD9C9800E8846B /* Models */ = {
			isa = PBXGroup;
			children = (
				224CEA8320AD9C9800E8846B /* NewsCategory.swift */,
				224CEA8420AD9C9800E8846B /* Enquiry.swift */,
				224CEA8520AD9C9800E8846B /* Advertisement.swift */,
				224CEA8620AD9C9800E8846B /* Review.swift */,
				224CEA8720AD9C9800E8846B /* BusinessProfile.swift */,
				224CEA8820AD9C9800E8846B /* Timeline.swift */,
				224CEA8920AD9C9800E8846B /* BusinessCategory.swift */,
				224CEA8A20AD9C9800E8846B /* Folder.swift */,
				224CEA8B20AD9C9800E8846B /* User.swift */,
				224CEA8C20AD9C9800E8846B /* NotificationFeed.swift */,
				224CEA8D20AD9C9800E8846B /* Question.swift */,
				224CEA8E20AD9C9800E8846B /* NewsProfile.swift */,
				224CEA8F20AD9C9800E8846B /* Response.swift */,
				224CEA9020AD9C9800E8846B /* Bookmark.swift */,
				224CEA9120AD9C9800E8846B /* FirebaseUserDatabase.swift */,
				224CEA9220AD9C9800E8846B /* Testmonial.swift */,
				224CEA9320AD9C9800E8846B /* Filter.swift */,
				224CEA9420AD9C9800E8846B /* Product.swift */,
				224CEA9520AD9C9800E8846B /* Answer.swift */,
				224CEA9620AD9C9800E8846B /* AppConfig.swift */,
			);
			path = Models;
			sourceTree = "<group>";
		};
/* End PBXGroup section */

/* Begin PBXNativeTarget section */
		224CEA7220AD680800E8846B /* WooodStressTests */ = {
			isa = PBXNativeTarget;
			buildConfigurationList = 224CEA7A20AD680800E8846B /* Build configuration list for PBXNativeTarget "WooodStressTests" */;
			buildPhases = (
				224CEA6F20AD680800E8846B /* Sources */,
				224CEA7020AD680800E8846B /* Frameworks */,
				224CEA7120AD680800E8846B /* CopyFiles */,
			);
			buildRules = (
			);
			dependencies = (
			);
			name = WooodStressTests;
			productName = WooodStressTests;
			productReference = 224CEA7320AD680800E8846B /* WooodStressTests */;
			productType = "com.apple.product-type.tool";
		};
/* End PBXNativeTarget section */

/* Begin PBXProject section */
		224CEA6B20AD680800E8846B /* Project object */ = {
			isa = PBXProject;
			attributes = {
				LastSwiftUpdateCheck = 0920;
				LastUpgradeCheck = 0920;
				ORGANIZATIONNAME = Vaibhav;
				TargetAttributes = {
					224CEA7220AD680800E8846B = {
						CreatedOnToolsVersion = 9.2;
						ProvisioningStyle = Automatic;
					};
				};
			};
			buildConfigurationList = 224CEA6E20AD680800E8846B /* Build configuration list for PBXProject "WooodStressTests" */;
			compatibilityVersion = "Xcode 8.0";
			developmentRegion = en;
			hasScannedForEncodings = 0;
			knownRegions = (
				en,
			);
			mainGroup = 224CEA6A20AD680800E8846B;
			productRefGroup = 224CEA7420AD680800E8846B /* Products */;
			projectDirPath = "";
			projectRoot = "";
			targets = (
				224CEA7220AD680800E8846B /* WooodStressTests */,
			);
		};
/* End PBXProject section */

/* Begin PBXSourcesBuildPhase section */
		224CEA6F20AD680800E8846B /* Sources */ = {
			isa = PBXSourcesBuildPhase;
			buildActionMask = 2147483647;
			files = (
				224CEAA820AD9C9800E8846B /* Product.swift in Sources */,
				224CEAA220AD9C9800E8846B /* NewsProfile.swift in Sources */,
				224CEA9A20AD9C9800E8846B /* Review.swift in Sources */,
				224CEAAA20AD9C9800E8846B /* AppConfig.swift in Sources */,
				22B541B420AEB59900CCC77C /* NetworkManager.swift in Sources */,
				224CEA9C20AD9C9800E8846B /* Timeline.swift in Sources */,
				224CEAA020AD9C9800E8846B /* NotificationFeed.swift in Sources */,
				224CEA9720AD9C9800E8846B /* NewsCategory.swift in Sources */,
				224CEAA420AD9C9800E8846B /* Bookmark.swift in Sources */,
				224CEAA920AD9C9800E8846B /* Answer.swift in Sources */,
				224CEA9D20AD9C9800E8846B /* BusinessCategory.swift in Sources */,
				22CCD7F420B441FA00254FD4 /* Usage.swift in Sources */,
				22B541B620AEC05A00CCC77C /* APIError.swift in Sources */,
				224CEAA720AD9C9800E8846B /* Filter.swift in Sources */,
				224CEAA320AD9C9800E8846B /* Response.swift in Sources */,
				224CEA9920AD9C9800E8846B /* Advertisement.swift in Sources */,
				224CEAA620AD9C9800E8846B /* Testmonial.swift in Sources */,
				224CEA9B20AD9C9800E8846B /* BusinessProfile.swift in Sources */,
				224CEAA520AD9C9800E8846B /* FirebaseUserDatabase.swift in Sources */,
				224CEA9820AD9C9800E8846B /* Enquiry.swift in Sources */,
				224CEA7720AD680800E8846B /* main.swift in Sources */,
				22B541B820AEDC0700CCC77C /* DummyUser.swift in Sources */,
				224CEAA120AD9C9800E8846B /* Question.swift in Sources */,
				224CEA9F20AD9C9800E8846B /* User.swift in Sources */,
				224CEA9E20AD9C9800E8846B /* Folder.swift in Sources */,
			);
			runOnlyForDeploymentPostprocessing = 0;
		};
/* End PBXSourcesBuildPhase section */

/* Begin XCBuildConfiguration section */
		224CEA7820AD680800E8846B /* Debug */ = {
			isa = XCBuildConfiguration;
			buildSettings = {
				ALWAYS_SEARCH_USER_PATHS = NO;
				CLANG_ANALYZER_NONNULL = YES;
				CLANG_ANALYZER_NUMBER_OBJECT_CONVERSION = YES_AGGRESSIVE;
				CLANG_CXX_LANGUAGE_STANDARD = "gnu++14";
				CLANG_CXX_LIBRARY = "libc++";
				CLANG_ENABLE_MODULES = YES;
				CLANG_ENABLE_OBJC_ARC = YES;
				CLANG_WARN_BLOCK_CAPTURE_AUTORELEASING = YES;
				CLANG_WARN_BOOL_CONVERSION = YES;
				CLANG_WARN_COMMA = YES;
				CLANG_WARN_CONSTANT_CONVERSION = YES;
				CLANG_WARN_DIRECT_OBJC_ISA_USAGE = YES_ERROR;
				CLANG_WARN_DOCUMENTATION_COMMENTS = YES;
				CLANG_WARN_EMPTY_BODY = YES;
				CLANG_WARN_ENUM_CONVERSION = YES;
				CLANG_WARN_INFINITE_RECURSION = YES;
				CLANG_WARN_INT_CONVERSION = YES;
				CLANG_WARN_NON_LITERAL_NULL_CONVERSION = YES;
				CLANG_WARN_OBJC_LITERAL_CONVERSION = YES;
				CLANG_WARN_OBJC_ROOT_CLASS = YES_ERROR;
				CLANG_WARN_RANGE_LOOP_ANALYSIS = YES;
				CLANG_WARN_STRICT_PROTOTYPES = YES;
				CLANG_WARN_SUSPICIOUS_MOVE = YES;
				CLANG_WARN_UNGUARDED_AVAILABILITY = YES_AGGRESSIVE;
				CLANG_WARN_UNREACHABLE_CODE = YES;
				CLANG_WARN__DUPLICATE_METHOD_MATCH = YES;
				CODE_SIGN_IDENTITY = "Mac Developer";
				COPY_PHASE_STRIP = NO;
				DEBUG_INFORMATION_FORMAT = dwarf;
				ENABLE_STRICT_OBJC_MSGSEND = YES;
				ENABLE_TESTABILITY = YES;
				GCC_C_LANGUAGE_STANDARD = gnu11;
				GCC_DYNAMIC_NO_PIC = NO;
				GCC_NO_COMMON_BLOCKS = YES;
				GCC_OPTIMIZATION_LEVEL = 0;
				GCC_PREPROCESSOR_DEFINITIONS = (
					"DEBUG=1",
					"$(inherited)",
				);
				GCC_WARN_64_TO_32_BIT_CONVERSION = YES;
				GCC_WARN_ABOUT_RETURN_TYPE = YES_ERROR;
				GCC_WARN_UNDECLARED_SELECTOR = YES;
				GCC_WARN_UNINITIALIZED_AUTOS = YES_AGGRESSIVE;
				GCC_WARN_UNUSED_FUNCTION = YES;
				GCC_WARN_UNUSED_VARIABLE = YES;
				MACOSX_DEPLOYMENT_TARGET = 10.12;
				MTL_ENABLE_DEBUG_INFO = YES;
				ONLY_ACTIVE_ARCH = YES;
				SDKROOT = macosx;
				SWIFT_ACTIVE_COMPILATION_CONDITIONS = DEBUG;
				SWIFT_OPTIMIZATION_LEVEL = "-Onone";
			};
			name = Debug;
		};
		224CEA7920AD680800E8846B /* Release */ = {
			isa = XCBuildConfiguration;
			buildSettings = {
				ALWAYS_SEARCH_USER_PATHS = NO;
				CLANG_ANALYZER_NONNULL = YES;
				CLANG_ANALYZER_NUMBER_OBJECT_CONVERSION = YES_AGGRESSIVE;
				CLANG_CXX_LANGUAGE_STANDARD = "gnu++14";
				CLANG_CXX_LIBRARY = "libc++";
				CLANG_ENABLE_MODULES = YES;
				CLANG_ENABLE_OBJC_ARC = YES;
				CLANG_WARN_BLOCK_CAPTURE_AUTORELEASING = YES;
				CLANG_WARN_BOOL_CONVERSION = YES;
				CLANG_WARN_COMMA = YES;
				CLANG_WARN_CONSTANT_CONVERSION = YES;
				CLANG_WARN_DIRECT_OBJC_ISA_USAGE = YES_ERROR;
				CLANG_WARN_DOCUMENTATION_COMMENTS = YES;
				CLANG_WARN_EMPTY_BODY = YES;
				CLANG_WARN_ENUM_CONVERSION = YES;
				CLANG_WARN_INFINITE_RECURSION = YES;
				CLANG_WARN_INT_CONVERSION = YES;
				CLANG_WARN_NON_LITERAL_NULL_CONVERSION = YES;
				CLANG_WARN_OBJC_LITERAL_CONVERSION = YES;
				CLANG_WARN_OBJC_ROOT_CLASS = YES_ERROR;
				CLANG_WARN_RANGE_LOOP_ANALYSIS = YES;
				CLANG_WARN_STRICT_PROTOTYPES = YES;
				CLANG_WARN_SUSPICIOUS_MOVE = YES;
				CLANG_WARN_UNGUARDED_AVAILABILITY = YES_AGGRESSIVE;
				CLANG_WARN_UNREACHABLE_CODE = YES;
				CLANG_WARN__DUPLICATE_METHOD_MATCH = YES;
				CODE_SIGN_IDENTITY = "Mac Developer";
				COPY_PHASE_STRIP = NO;
				DEBUG_INFORMATION_FORMAT = "dwarf-with-dsym";
				ENABLE_NS_ASSERTIONS = NO;
				ENABLE_STRICT_OBJC_MSGSEND = YES;
				GCC_C_LANGUAGE_STANDARD = gnu11;
				GCC_NO_COMMON_BLOCKS = YES;
				GCC_WARN_64_TO_32_BIT_CONVERSION = YES;
				GCC_WARN_ABOUT_RETURN_TYPE = YES_ERROR;
				GCC_WARN_UNDECLARED_SELECTOR = YES;
				GCC_WARN_UNINITIALIZED_AUTOS = YES_AGGRESSIVE;
				GCC_WARN_UNUSED_FUNCTION = YES;
				GCC_WARN_UNUSED_VARIABLE = YES;
				MACOSX_DEPLOYMENT_TARGET = 10.12;
				MTL_ENABLE_DEBUG_INFO = NO;
				SDKROOT = macosx;
				SWIFT_OPTIMIZATION_LEVEL = "-Owholemodule";
			};
			name = Release;
		};
		224CEA7B20AD680800E8846B /* Debug */ = {
			isa = XCBuildConfiguration;
			buildSettings = {
				CODE_SIGN_IDENTITY = "Mac Developer";
				CODE_SIGN_STYLE = Automatic;
				DEVELOPMENT_TEAM = DHG6J45BG4;
				PRODUCT_NAME = "$(TARGET_NAME)";
				PROVISIONING_PROFILE_SPECIFIER = "";
				SWIFT_VERSION = 4.0;
			};
			name = Debug;
		};
		224CEA7C20AD680800E8846B /* Release */ = {
			isa = XCBuildConfiguration;
			buildSettings = {
				CODE_SIGN_IDENTITY = "Mac Developer";
				CODE_SIGN_STYLE = Automatic;
				DEVELOPMENT_TEAM = DHG6J45BG4;
				PRODUCT_NAME = "$(TARGET_NAME)";
				PROVISIONING_PROFILE_SPECIFIER = "";
				SWIFT_VERSION = 4.0;
			};
			name = Release;
		};
/* End XCBuildConfiguration section */

/* Begin XCConfigurationList section */
		224CEA6E20AD680800E8846B /* Build configuration list for PBXProject "WooodStressTests" */ = {
			isa = XCConfigurationList;
			buildConfigurations = (
				224CEA7820AD680800E8846B /* Debug */,
				224CEA7920AD680800E8846B /* Release */,
			);
			defaultConfigurationIsVisible = 0;
			defaultConfigurationName = Release;
		};
		224CEA7A20AD680800E8846B /* Build configuration list for PBXNativeTarget "WooodStressTests" */ = {
			isa = XCConfigurationList;
			buildConfigurations = (
				224CEA7B20AD680800E8846B /* Debug */,
				224CEA7C20AD680800E8846B /* Release */,
			);
			defaultConfigurationIsVisible = 0;
			defaultConfigurationName = Release;
		};
/* End XCConfigurationList section */
	};
	rootObject = 224CEA6B20AD680800E8846B /* Project object */;
}
